
Microsoft Visual Studio Solution File, Format Version 12.00
# Visual Studio Version 17
VisualStudioVersion = 17.14.36203.30 d17.14
MinimumVisualStudioVersion = 10.0.40219.1
Project("{FAE04EC0-301F-11D3-BF4B-00C04F79EFBC}") = "HelloWorld", "helloworld\HelloWorld.csproj", "{64293D8E-868F-4A9F-A411-7F6925588747}"
EndProject
Project("{2150E333-8FDC-42A3-9474-1A3956D46DE8}") = "June16", "June16", "{02EA681E-C7D8-13C7-8484-4AC65E1B71E8}"
EndProject
Project("{FAE04EC0-301F-11D3-BF4B-00C04F79EFBC}") = "MemoryVariable2", "MemoryVariable2\MemoryVariable2.csproj", "{15AA2DC1-005D-486B-95FA-0082365686D5}"
EndProject
Project("{FAE04EC0-301F-11D3-BF4B-00C04F79EFBC}") = "ConsoleRead", "ConsoleRead\ConsoleRead.csproj", "{200A321D-F3DC-4655-A851-E1ACAB104698}"
EndProject
Project("{FAE04EC0-301F-11D3-BF4B-00C04F79EFBC}") = "IntMemoryVariable2", "IntMemoryVariable2\IntMemoryVariable2.csproj", "{2E8CE58F-4F1E-46D5-91DB-3D2A76FD0AFA}"
EndProject
Project("{FAE04EC0-301F-11D3-BF4B-00C04F79EFBC}") = "DoubleMemoryVariable2", "DoubleMemoryVariable2\DoubleMemoryVariable2.csproj", "{C92122AB-8778-45A4-9636-0770E43E5004}"
EndProject
Project("{FAE04EC0-301F-11D3-BF4B-00C04F79EFBC}") = "SimpleCalculator", "SimpleCalculator\SimpleCalculator.csproj", "{52B6026F-1F45-4EDA-AE98-EA0948CE07B0}"
EndProject
Global
	GlobalSection(SolutionConfigurationPlatforms) = preSolution
		Debug|Any CPU = Debug|Any CPU
		Release|Any CPU = Release|Any CPU
	EndGlobalSection
	GlobalSection(ProjectConfigurationPlatforms) = postSolution
		{64293D8E-868F-4A9F-A411-7F6925588747}.Debug|Any CPU.ActiveCfg = Debug|Any CPU
		{64293D8E-868F-4A9F-A411-7F6925588747}.Debug|Any CPU.Build.0 = Debug|Any CPU
		{64293D8E-868F-4A9F-A411-7F6925588747}.Release|Any CPU.ActiveCfg = Release|Any CPU
		{64293D8E-868F-4A9F-A411-7F6925588747}.Release|Any CPU.Build.0 = Release|Any CPU
		{15AA2DC1-005D-486B-95FA-0082365686D5}.Debug|Any CPU.ActiveCfg = Debug|Any CPU
		{15AA2DC1-005D-486B-95FA-0082365686D5}.Debug|Any CPU.Build.0 = Debug|Any CPU
		{15AA2DC1-005D-486B-95FA-0082365686D5}.Release|Any CPU.ActiveCfg = Release|Any CPU
		{15AA2DC1-005D-486B-95FA-0082365686D5}.Release|Any CPU.Build.0 = Release|Any CPU
		{200A321D-F3DC-4655-A851-E1ACAB104698}.Debug|Any CPU.ActiveCfg = Debug|Any CPU
		{200A321D-F3DC-4655-A851-E1ACAB104698}.Debug|Any CPU.Build.0 = Debug|Any CPU
		{200A321D-F3DC-4655-A851-E1ACAB104698}.Release|Any CPU.ActiveCfg = Release|Any CPU
		{200A321D-F3DC-4655-A851-E1ACAB104698}.Release|Any CPU.Build.0 = Release|Any CPU
		{2E8CE58F-4F1E-46D5-91DB-3D2A76FD0AFA}.Debug|Any CPU.ActiveCfg = Debug|Any CPU
		{2E8CE58F-4F1E-46D5-91DB-3D2A76FD0AFA}.Debug|Any CPU.Build.0 = Debug|Any CPU
		{2E8CE58F-4F1E-46D5-91DB-3D2A76FD0AFA}.Release|Any CPU.ActiveCfg = Release|Any CPU
		{2E8CE58F-4F1E-46D5-91DB-3D2A76FD0AFA}.Release|Any CPU.Build.0 = Release|Any CPU
		{C92122AB-8778-45A4-9636-0770E43E5004}.Debug|Any CPU.ActiveCfg = Debug|Any CPU
		{C92122AB-8778-45A4-9636-0770E43E5004}.Debug|Any CPU.Build.0 = Debug|Any CPU
		{C92122AB-8778-45A4-9636-0770E43E5004}.Release|Any CPU.ActiveCfg = Release|Any CPU
		{C92122AB-8778-45A4-9636-0770E43E5004}.Release|Any CPU.Build.0 = Release|Any CPU
		{52B6026F-1F45-4EDA-AE98-EA0948CE07B0}.Debug|Any CPU.ActiveCfg = Debug|Any CPU
		{52B6026F-1F45-4EDA-AE98-EA0948CE07B0}.Debug|Any CPU.Build.0 = Debug|Any CPU
		{52B6026F-1F45-4EDA-AE98-EA0948CE07B0}.Release|Any CPU.ActiveCfg = Release|Any CPU
		{52B6026F-1F45-4EDA-AE98-EA0948CE07B0}.Release|Any CPU.Build.0 = Release|Any CPU
	EndGlobalSection
	GlobalSection(SolutionProperties) = preSolution
		HideSolutionNode = FALSE
	EndGlobalSection
	GlobalSection(NestedProjects) = preSolution
		{15AA2DC1-005D-486B-95FA-0082365686D5} = {02EA681E-C7D8-13C7-8484-4AC65E1B71E8}
		{200A321D-F3DC-4655-A851-E1ACAB104698} = {02EA681E-C7D8-13C7-8484-4AC65E1B71E8}
		{2E8CE58F-4F1E-46D5-91DB-3D2A76FD0AFA} = {02EA681E-C7D8-13C7-8484-4AC65E1B71E8}
		{C92122AB-8778-45A4-9636-0770E43E5004} = {02EA681E-C7D8-13C7-8484-4AC65E1B71E8}
		{52B6026F-1F45-4EDA-AE98-EA0948CE07B0} = {02EA681E-C7D8-13C7-8484-4AC65E1B71E8}
	EndGlobalSection
	GlobalSection(ExtensibilityGlobals) = postSolution
		SolutionGuid = {ABD3D1F4-01CF-40A4-A461-0988483FB1B3}
	EndGlobalSection
EndGlobal
